
Microsoft Visual Studio Solution File, Format Version 12.00
# Visual Studio 15
VisualStudioVersion = 15.0.28307.168
MinimumVisualStudioVersion = 10.0.40219.1
Project("{FAE04EC0-301F-11D3-BF4B-00C04F79EFBC}") = "ProjetDevMob", "ProjetDevMob\ProjetDevMob\ProjetDevMob.csproj", "{8628CC77-43FD-4D5B-A3AE-0FA14F8AF4AB}"
EndProject
Project("{FAE04EC0-301F-11D3-BF4B-00C04F79EFBC}") = "ProjetDevMob.Android", "ProjetDevMob\ProjetDevMob.Android\ProjetDevMob.Android.csproj", "{866E1386-2B57-4D69-BB33-69A7D39AA29A}"
EndProject
Global
	GlobalSection(SolutionConfigurationPlatforms) = preSolution
		Debug|Any CPU = Debug|Any CPU
		Release|Any CPU = Release|Any CPU
	EndGlobalSection
	GlobalSection(ProjectConfigurationPlatforms) = postSolution
		{8628CC77-43FD-4D5B-A3AE-0FA14F8AF4AB}.Debug|Any CPU.ActiveCfg = Debug|Any CPU
		{8628CC77-43FD-4D5B-A3AE-0FA14F8AF4AB}.Debug|Any CPU.Build.0 = Debug|Any CPU
		{8628CC77-43FD-4D5B-A3AE-0FA14F8AF4AB}.Release|Any CPU.ActiveCfg = Release|Any CPU
		{8628CC77-43FD-4D5B-A3AE-0FA14F8AF4AB}.Release|Any CPU.Build.0 = Release|Any CPU
		{866E1386-2B57-4D69-BB33-69A7D39AA29A}.Debug|Any CPU.ActiveCfg = Debug|Any CPU
		{866E1386-2B57-4D69-BB33-69A7D39AA29A}.Debug|Any CPU.Build.0 = Debug|Any CPU
		{866E1386-2B57-4D69-BB33-69A7D39AA29A}.Debug|Any CPU.Deploy.0 = Debug|Any CPU
		{866E1386-2B57-4D69-BB33-69A7D39AA29A}.Release|Any CPU.ActiveCfg = Release|Any CPU
		{866E1386-2B57-4D69-BB33-69A7D39AA29A}.Release|Any CPU.Build.0 = Release|Any CPU
		{866E1386-2B57-4D69-BB33-69A7D39AA29A}.Release|Any CPU.Deploy.0 = Release|Any CPU
	EndGlobalSection
	GlobalSection(SolutionProperties) = preSolution
		HideSolutionNode = FALSE
	EndGlobalSection
	GlobalSection(ExtensibilityGlobals) = postSolution
		SolutionGuid = {5CB2D5B7-C10D-43FE-8AA4-F17F8AC97585}
	EndGlobalSection
EndGlobal
